
Microsoft Visual Studio Solution File, Format Version 12.00
# Visual Studio Version 17
VisualStudioVersion = 17.7.34221.43
MinimumVisualStudioVersion = 10.0.40219.1
Project("{FAE04EC0-301F-11D3-BF4B-00C04F79EFBC}") = "ParkingLotApi", "ParkingLotApi\ParkingLotApi.csproj", "{245411D4-F8E0-4BE6-AF4C-B4EB3AC0ABBE}"
EndProject
Project("{FAE04EC0-301F-11D3-BF4B-00C04F79EFBC}") = "ParkingLotApiTest", "ParkingLotApiTest\ParkingLotApiTest.csproj", "{3C240C7A-4F4C-42B9-91A1-DE41AAB75DAE}"
EndProject
Global
	GlobalSection(SolutionConfigurationPlatforms) = preSolution
		Debug|Any CPU = Debug|Any CPU
		Release|Any CPU = Release|Any CPU
	EndGlobalSection
	GlobalSection(ProjectConfigurationPlatforms) = postSolution
		{245411D4-F8E0-4BE6-AF4C-B4EB3AC0ABBE}.Debug|Any CPU.ActiveCfg = Debug|Any CPU
		{245411D4-F8E0-4BE6-AF4C-B4EB3AC0ABBE}.Debug|Any CPU.Build.0 = Debug|Any CPU
		{245411D4-F8E0-4BE6-AF4C-B4EB3AC0ABBE}.Release|Any CPU.ActiveCfg = Release|Any CPU
		{245411D4-F8E0-4BE6-AF4C-B4EB3AC0ABBE}.Release|Any CPU.Build.0 = Release|Any CPU
		{3C240C7A-4F4C-42B9-91A1-DE41AAB75DAE}.Debug|Any CPU.ActiveCfg = Debug|Any CPU
		{3C240C7A-4F4C-42B9-91A1-DE41AAB75DAE}.Debug|Any CPU.Build.0 = Debug|Any CPU
		{3C240C7A-4F4C-42B9-91A1-DE41AAB75DAE}.Release|Any CPU.ActiveCfg = Release|Any CPU
		{3C240C7A-4F4C-42B9-91A1-DE41AAB75DAE}.Release|Any CPU.Build.0 = Release|Any CPU
	EndGlobalSection
	GlobalSection(SolutionProperties) = preSolution
		HideSolutionNode = FALSE
	EndGlobalSection
	GlobalSection(ExtensibilityGlobals) = postSolution
		SolutionGuid = {5E2BBD3B-00A5-42C1-A8D8-6EFB15DF2F92}
	EndGlobalSection
EndGlobal
